
Microsoft Visual Studio Solution File, Format Version 12.00
# Visual Studio Version 16
VisualStudioVersion = 16.0.31515.178
MinimumVisualStudioVersion = 10.0.40219.1
Project("{FAE04EC0-301F-11D3-BF4B-00C04F79EFBC}") = "PlagueGun", "PlagueGun\PlagueGun.csproj", "{4B76EC0E-9C47-4A3F-9397-D2AB668A0E61}"
EndProject
Global
	GlobalSection(SolutionConfigurationPlatforms) = preSolution
		Debug|Any CPU = Debug|Any CPU
		Release|Any CPU = Release|Any CPU
	EndGlobalSection
	GlobalSection(ProjectConfigurationPlatforms) = postSolution
		{4B76EC0E-9C47-4A3F-9397-D2AB668A0E61}.Debug|Any CPU.ActiveCfg = Debug|Any CPU
		{4B76EC0E-9C47-4A3F-9397-D2AB668A0E61}.Debug|Any CPU.Build.0 = Debug|Any CPU
		{4B76EC0E-9C47-4A3F-9397-D2AB668A0E61}.Release|Any CPU.ActiveCfg = Release|Any CPU
		{4B76EC0E-9C47-4A3F-9397-D2AB668A0E61}.Release|Any CPU.Build.0 = Release|Any CPU
	EndGlobalSection
	GlobalSection(SolutionProperties) = preSolution
		HideSolutionNode = FALSE
	EndGlobalSection
	GlobalSection(ExtensibilityGlobals) = postSolution
		SolutionGuid = {8D69AAFE-CB3C-4D26-93FD-95B341263B57}
	EndGlobalSection
EndGlobal
